
Microsoft Visual Studio Solution File, Format Version 12.00
# Visual Studio Version 16
VisualStudioVersion = 25.0.1706.6
MinimumVisualStudioVersion = 10.0.40219.1
Project("{2150E333-8FDC-42A3-9474-1A3956D46DE8}") = "Core", "Core", "{FC08FDEA-34D6-4DE0-90DD-04AD5ABE07BD}"
EndProject
Project("{2150E333-8FDC-42A3-9474-1A3956D46DE8}") = "Infrastructure", "Infrastructure", "{21B995B3-355C-43D2-8CD0-5DA28858EC26}"
EndProject
Project("{2150E333-8FDC-42A3-9474-1A3956D46DE8}") = "Presentation", "Presentation", "{D040AF28-9D8A-4C08-B34B-A982D1126495}"
EndProject
Project("{2150E333-8FDC-42A3-9474-1A3956D46DE8}") = "Frontend", "Frontend", "{38A81AA2-EEEA-427F-84C3-9B6CAB918453}"
EndProject
Project("{FAE04EC0-301F-11D3-BF4B-00C04F79EFBC}") = "Hotel.Frontend", "Frontend\Hotel.Frontend\Hotel.Frontend.csproj", "{76125439-53A8-4B70-8E5E-1CF62C44E1B9}"
EndProject
Project("{FAE04EC0-301F-11D3-BF4B-00C04F79EFBC}") = "Hotel.Application", "Core\Hotel.Application\Hotel.Application.csproj", "{09FA694E-89C9-4781-8D87-D6B16141F267}"
EndProject
Project("{FAE04EC0-301F-11D3-BF4B-00C04F79EFBC}") = "Hotel.Domain", "Core\Hotel.Domain\Hotel.Domain.csproj", "{A2AABFE9-7388-41B6-9EEE-DFC444B010DE}"
EndProject
Project("{FAE04EC0-301F-11D3-BF4B-00C04F79EFBC}") = "Hotel.Presentation", "Presentation\Hotel.Presentation\Hotel.Presentation.csproj", "{7CC7AB92-B607-4099-8392-7E33D08182F0}"
EndProject
Project("{FAE04EC0-301F-11D3-BF4B-00C04F79EFBC}") = "Hotel.Persistance", "Infrastructure\Hotel.Persistance\Hotel.Persistance.csproj", "{4F05C3BC-DB28-493C-97BF-AD3424449742}"
EndProject
Global
	GlobalSection(SolutionConfigurationPlatforms) = preSolution
		Debug|Any CPU = Debug|Any CPU
		Release|Any CPU = Release|Any CPU
	EndGlobalSection
	GlobalSection(ProjectConfigurationPlatforms) = postSolution
		{76125439-53A8-4B70-8E5E-1CF62C44E1B9}.Debug|Any CPU.ActiveCfg = Debug|Any CPU
		{76125439-53A8-4B70-8E5E-1CF62C44E1B9}.Debug|Any CPU.Build.0 = Debug|Any CPU
		{76125439-53A8-4B70-8E5E-1CF62C44E1B9}.Release|Any CPU.ActiveCfg = Release|Any CPU
		{76125439-53A8-4B70-8E5E-1CF62C44E1B9}.Release|Any CPU.Build.0 = Release|Any CPU
		{09FA694E-89C9-4781-8D87-D6B16141F267}.Debug|Any CPU.ActiveCfg = Debug|Any CPU
		{09FA694E-89C9-4781-8D87-D6B16141F267}.Debug|Any CPU.Build.0 = Debug|Any CPU
		{09FA694E-89C9-4781-8D87-D6B16141F267}.Release|Any CPU.ActiveCfg = Release|Any CPU
		{09FA694E-89C9-4781-8D87-D6B16141F267}.Release|Any CPU.Build.0 = Release|Any CPU
		{A2AABFE9-7388-41B6-9EEE-DFC444B010DE}.Debug|Any CPU.ActiveCfg = Debug|Any CPU
		{A2AABFE9-7388-41B6-9EEE-DFC444B010DE}.Debug|Any CPU.Build.0 = Debug|Any CPU
		{A2AABFE9-7388-41B6-9EEE-DFC444B010DE}.Release|Any CPU.ActiveCfg = Release|Any CPU
		{A2AABFE9-7388-41B6-9EEE-DFC444B010DE}.Release|Any CPU.Build.0 = Release|Any CPU
		{7CC7AB92-B607-4099-8392-7E33D08182F0}.Debug|Any CPU.ActiveCfg = Debug|Any CPU
		{7CC7AB92-B607-4099-8392-7E33D08182F0}.Debug|Any CPU.Build.0 = Debug|Any CPU
		{7CC7AB92-B607-4099-8392-7E33D08182F0}.Release|Any CPU.ActiveCfg = Release|Any CPU
		{7CC7AB92-B607-4099-8392-7E33D08182F0}.Release|Any CPU.Build.0 = Release|Any CPU
		{4F05C3BC-DB28-493C-97BF-AD3424449742}.Debug|Any CPU.ActiveCfg = Debug|Any CPU
		{4F05C3BC-DB28-493C-97BF-AD3424449742}.Debug|Any CPU.Build.0 = Debug|Any CPU
		{4F05C3BC-DB28-493C-97BF-AD3424449742}.Release|Any CPU.ActiveCfg = Release|Any CPU
		{4F05C3BC-DB28-493C-97BF-AD3424449742}.Release|Any CPU.Build.0 = Release|Any CPU
	EndGlobalSection
	GlobalSection(SolutionProperties) = preSolution
		HideSolutionNode = FALSE
	EndGlobalSection
	GlobalSection(ExtensibilityGlobals) = postSolution
		SolutionGuid = {0260A18F-667A-4D76-8D14-84D2B64322D5}
	EndGlobalSection
	GlobalSection(NestedProjects) = preSolution
		{76125439-53A8-4B70-8E5E-1CF62C44E1B9} = {38A81AA2-EEEA-427F-84C3-9B6CAB918453}
		{09FA694E-89C9-4781-8D87-D6B16141F267} = {FC08FDEA-34D6-4DE0-90DD-04AD5ABE07BD}
		{A2AABFE9-7388-41B6-9EEE-DFC444B010DE} = {FC08FDEA-34D6-4DE0-90DD-04AD5ABE07BD}
		{7CC7AB92-B607-4099-8392-7E33D08182F0} = {D040AF28-9D8A-4C08-B34B-A982D1126495}
		{4F05C3BC-DB28-493C-97BF-AD3424449742} = {21B995B3-355C-43D2-8CD0-5DA28858EC26}
	EndGlobalSection
EndGlobal
